
Microsoft Visual Studio Solution File, Format Version 12.00
# Visual Studio 2013
VisualStudioVersion = 12.0.21005.1
MinimumVisualStudioVersion = 10.0.40219.1
Project("{FAE04EC0-301F-11D3-BF4B-00C04F79EFBC}") = "FirmaService", "FirmaService\FirmaService.csproj", "{FAB8FBF9-3559-4102-B5A2-F46999409B36}"
EndProject
Project("{FAE04EC0-301F-11D3-BF4B-00C04F79EFBC}") = "PersonelDataAccsess", "PersonelDataAccsess\PersonelDataAccsess.csproj", "{5063A864-EFE7-4D6E-956B-4852885A8735}"
EndProject
Project("{FAE04EC0-301F-11D3-BF4B-00C04F79EFBC}") = "AptManager", "D:\MVC WORK\AptManager\AptManager\AptManager.csproj", "{11D38439-C462-49F4-B95F-49EB662BC0F7}"
EndProject
Global
	GlobalSection(SolutionConfigurationPlatforms) = preSolution
		Debug|Any CPU = Debug|Any CPU
		Release|Any CPU = Release|Any CPU
	EndGlobalSection
	GlobalSection(ProjectConfigurationPlatforms) = postSolution
		{FAB8FBF9-3559-4102-B5A2-F46999409B36}.Debug|Any CPU.ActiveCfg = Debug|Any CPU
		{FAB8FBF9-3559-4102-B5A2-F46999409B36}.Debug|Any CPU.Build.0 = Debug|Any CPU
		{FAB8FBF9-3559-4102-B5A2-F46999409B36}.Release|Any CPU.ActiveCfg = Release|Any CPU
		{FAB8FBF9-3559-4102-B5A2-F46999409B36}.Release|Any CPU.Build.0 = Release|Any CPU
		{5063A864-EFE7-4D6E-956B-4852885A8735}.Debug|Any CPU.ActiveCfg = Debug|Any CPU
		{5063A864-EFE7-4D6E-956B-4852885A8735}.Debug|Any CPU.Build.0 = Debug|Any CPU
		{5063A864-EFE7-4D6E-956B-4852885A8735}.Release|Any CPU.ActiveCfg = Release|Any CPU
		{5063A864-EFE7-4D6E-956B-4852885A8735}.Release|Any CPU.Build.0 = Release|Any CPU
		{11D38439-C462-49F4-B95F-49EB662BC0F7}.Debug|Any CPU.ActiveCfg = Debug|Any CPU
		{11D38439-C462-49F4-B95F-49EB662BC0F7}.Debug|Any CPU.Build.0 = Debug|Any CPU
		{11D38439-C462-49F4-B95F-49EB662BC0F7}.Release|Any CPU.ActiveCfg = Release|Any CPU
		{11D38439-C462-49F4-B95F-49EB662BC0F7}.Release|Any CPU.Build.0 = Release|Any CPU
	EndGlobalSection
	GlobalSection(SolutionProperties) = preSolution
		HideSolutionNode = FALSE
	EndGlobalSection
EndGlobal
